
Microsoft Visual Studio Solution File, Format Version 12.00
# Visual Studio Version 17
VisualStudioVersion = 17.14.37111.16 d17.14
MinimumVisualStudioVersion = 10.0.40219.1
Project("{FAE04EC0-301F-11D3-BF4B-00C04F79EFBC}") = "ConsoleApp5", "ConsoleApp5\ConsoleApp5.csproj", "{D3FB6156-DF27-40C3-A617-0160F86A8B9A}"
EndProject
Global
	GlobalSection(SolutionConfigurationPlatforms) = preSolution
		Debug|Any CPU = Debug|Any CPU
		Release|Any CPU = Release|Any CPU
	EndGlobalSection
	GlobalSection(ProjectConfigurationPlatforms) = postSolution
		{D3FB6156-DF27-40C3-A617-0160F86A8B9A}.Debug|Any CPU.ActiveCfg = Debug|Any CPU
		{D3FB6156-DF27-40C3-A617-0160F86A8B9A}.Debug|Any CPU.Build.0 = Debug|Any CPU
		{D3FB6156-DF27-40C3-A617-0160F86A8B9A}.Release|Any CPU.ActiveCfg = Release|Any CPU
		{D3FB6156-DF27-40C3-A617-0160F86A8B9A}.Release|Any CPU.Build.0 = Release|Any CPU
	EndGlobalSection
	GlobalSection(SolutionProperties) = preSolution
		HideSolutionNode = FALSE
	EndGlobalSection
	GlobalSection(ExtensibilityGlobals) = postSolution
		SolutionGuid = {D5ED3DBF-38D2-41CB-81DB-CA6D52E89572}
	EndGlobalSection
EndGlobal
